
Microsoft Visual Studio Solution File, Format Version 12.00
# Visual Studio Version 17
VisualStudioVersion = 17.8.34330.188
MinimumVisualStudioVersion = 10.0.40219.1
Project("{FAE04EC0-301F-11D3-BF4B-00C04F79EFBC}") = "TestTask.Server", "TestTask.Server\TestTask.Server.csproj", "{D00F49CD-6E2B-4947-96FC-6BFEBEC52086}"
EndProject
Project("{54A90642-561A-4BB1-A94E-469ADEE60C69}") = "testtask.client", "testtask.client\testtask.client.esproj", "{14B032AE-211F-431B-B78D-05ADF7B35574}"
EndProject
Global
	GlobalSection(SolutionConfigurationPlatforms) = preSolution
		Debug|Any CPU = Debug|Any CPU
		Release|Any CPU = Release|Any CPU
	EndGlobalSection
	GlobalSection(ProjectConfigurationPlatforms) = postSolution
		{D00F49CD-6E2B-4947-96FC-6BFEBEC52086}.Debug|Any CPU.ActiveCfg = Debug|Any CPU
		{D00F49CD-6E2B-4947-96FC-6BFEBEC52086}.Debug|Any CPU.Build.0 = Debug|Any CPU
		{D00F49CD-6E2B-4947-96FC-6BFEBEC52086}.Release|Any CPU.ActiveCfg = Release|Any CPU
		{D00F49CD-6E2B-4947-96FC-6BFEBEC52086}.Release|Any CPU.Build.0 = Release|Any CPU
		{14B032AE-211F-431B-B78D-05ADF7B35574}.Debug|Any CPU.ActiveCfg = Debug|Any CPU
		{14B032AE-211F-431B-B78D-05ADF7B35574}.Debug|Any CPU.Build.0 = Debug|Any CPU
		{14B032AE-211F-431B-B78D-05ADF7B35574}.Debug|Any CPU.Deploy.0 = Debug|Any CPU
		{14B032AE-211F-431B-B78D-05ADF7B35574}.Release|Any CPU.ActiveCfg = Release|Any CPU
		{14B032AE-211F-431B-B78D-05ADF7B35574}.Release|Any CPU.Build.0 = Release|Any CPU
		{14B032AE-211F-431B-B78D-05ADF7B35574}.Release|Any CPU.Deploy.0 = Release|Any CPU
	EndGlobalSection
	GlobalSection(SolutionProperties) = preSolution
		HideSolutionNode = FALSE
	EndGlobalSection
	GlobalSection(ExtensibilityGlobals) = postSolution
		SolutionGuid = {117C4C3D-15D3-4A52-BB28-0E1171ACF445}
	EndGlobalSection
EndGlobal
